
Microsoft Visual Studio Solution File, Format Version 12.00
# Visual Studio Version 16
VisualStudioVersion = 16.0.31911.196
MinimumVisualStudioVersion = 10.0.40219.1
Project("{2150E333-8FDC-42A3-9474-1A3956D46DE8}") = "API", "API", "{DB85390B-601E-43A4-8F91-10CDA479BF39}"
EndProject
Project("{2150E333-8FDC-42A3-9474-1A3956D46DE8}") = "BLL", "BLL", "{EB0BB288-39FA-40C3-A9D6-363381F5E357}"
EndProject
Project("{2150E333-8FDC-42A3-9474-1A3956D46DE8}") = "DAL", "DAL", "{17104EF1-A8C6-40CA-A2AE-A0B983273850}"
EndProject
Project("{9A19103F-16F7-4668-BE54-9A1E7A4F7556}") = "BeetrootCqrs.API", "BeetrootCqrs.API\BeetrootCqrs.API.csproj", "{1675EF30-EFEB-43BA-9912-CD0BB1E393E5}"
	ProjectSection(ProjectDependencies) = postProject
		{1079C81A-FC1F-4A70-BC5E-A1A8CF241878} = {1079C81A-FC1F-4A70-BC5E-A1A8CF241878}
		{EE5D2188-D4BF-4ED5-BBA4-814C472C0D81} = {EE5D2188-D4BF-4ED5-BBA4-814C472C0D81}
	EndProjectSection
EndProject
Project("{9A19103F-16F7-4668-BE54-9A1E7A4F7556}") = "BeetrootCqrs.DAL", "BeetrootCqrs.DAL\BeetrootCqrs.DAL.csproj", "{1079C81A-FC1F-4A70-BC5E-A1A8CF241878}"
EndProject
Project("{2150E333-8FDC-42A3-9474-1A3956D46DE8}") = "DbSQLite", "DbSQLite", "{CA398605-181F-4BAF-9EAB-C515DC03746D}"
	ProjectSection(SolutionItems) = preProject
		DbSQLite\beetroot.db = DbSQLite\beetroot.db
	EndProjectSection
EndProject
Project("{9A19103F-16F7-4668-BE54-9A1E7A4F7556}") = "BeetrootCqrs.BLL", "BeetrootCqrs.BLL\BeetrootCqrs.BLL.csproj", "{EE5D2188-D4BF-4ED5-BBA4-814C472C0D81}"
	ProjectSection(ProjectDependencies) = postProject
		{1079C81A-FC1F-4A70-BC5E-A1A8CF241878} = {1079C81A-FC1F-4A70-BC5E-A1A8CF241878}
	EndProjectSection
EndProject
Project("{2150E333-8FDC-42A3-9474-1A3956D46DE8}") = "Test", "Test", "{AD3E1BAE-49A6-4190-8EAF-514BDFF29499}"
EndProject
Project("{FAE04EC0-301F-11D3-BF4B-00C04F79EFBC}") = "BeetrootCqrs.Test", "BeetrootCqrs.Test\BeetrootCqrs.Test.csproj", "{3F0DFA24-8729-4B6B-9CB3-7C1D8B87DF4E}"
EndProject
Global
	GlobalSection(SolutionConfigurationPlatforms) = preSolution
		Debug|Any CPU = Debug|Any CPU
		Release|Any CPU = Release|Any CPU
	EndGlobalSection
	GlobalSection(ProjectConfigurationPlatforms) = postSolution
		{1675EF30-EFEB-43BA-9912-CD0BB1E393E5}.Debug|Any CPU.ActiveCfg = Debug|Any CPU
		{1675EF30-EFEB-43BA-9912-CD0BB1E393E5}.Debug|Any CPU.Build.0 = Debug|Any CPU
		{1675EF30-EFEB-43BA-9912-CD0BB1E393E5}.Release|Any CPU.ActiveCfg = Release|Any CPU
		{1675EF30-EFEB-43BA-9912-CD0BB1E393E5}.Release|Any CPU.Build.0 = Release|Any CPU
		{1079C81A-FC1F-4A70-BC5E-A1A8CF241878}.Debug|Any CPU.ActiveCfg = Debug|Any CPU
		{1079C81A-FC1F-4A70-BC5E-A1A8CF241878}.Debug|Any CPU.Build.0 = Debug|Any CPU
		{1079C81A-FC1F-4A70-BC5E-A1A8CF241878}.Release|Any CPU.ActiveCfg = Release|Any CPU
		{1079C81A-FC1F-4A70-BC5E-A1A8CF241878}.Release|Any CPU.Build.0 = Release|Any CPU
		{EE5D2188-D4BF-4ED5-BBA4-814C472C0D81}.Debug|Any CPU.ActiveCfg = Debug|Any CPU
		{EE5D2188-D4BF-4ED5-BBA4-814C472C0D81}.Debug|Any CPU.Build.0 = Debug|Any CPU
		{EE5D2188-D4BF-4ED5-BBA4-814C472C0D81}.Release|Any CPU.ActiveCfg = Release|Any CPU
		{EE5D2188-D4BF-4ED5-BBA4-814C472C0D81}.Release|Any CPU.Build.0 = Release|Any CPU
		{3F0DFA24-8729-4B6B-9CB3-7C1D8B87DF4E}.Debug|Any CPU.ActiveCfg = Debug|Any CPU
		{3F0DFA24-8729-4B6B-9CB3-7C1D8B87DF4E}.Debug|Any CPU.Build.0 = Debug|Any CPU
		{3F0DFA24-8729-4B6B-9CB3-7C1D8B87DF4E}.Release|Any CPU.ActiveCfg = Release|Any CPU
		{3F0DFA24-8729-4B6B-9CB3-7C1D8B87DF4E}.Release|Any CPU.Build.0 = Release|Any CPU
	EndGlobalSection
	GlobalSection(SolutionProperties) = preSolution
		HideSolutionNode = FALSE
	EndGlobalSection
	GlobalSection(NestedProjects) = preSolution
		{1675EF30-EFEB-43BA-9912-CD0BB1E393E5} = {DB85390B-601E-43A4-8F91-10CDA479BF39}
		{1079C81A-FC1F-4A70-BC5E-A1A8CF241878} = {17104EF1-A8C6-40CA-A2AE-A0B983273850}
		{EE5D2188-D4BF-4ED5-BBA4-814C472C0D81} = {EB0BB288-39FA-40C3-A9D6-363381F5E357}
		{3F0DFA24-8729-4B6B-9CB3-7C1D8B87DF4E} = {AD3E1BAE-49A6-4190-8EAF-514BDFF29499}
	EndGlobalSection
	GlobalSection(ExtensibilityGlobals) = postSolution
		SolutionGuid = {E0293639-E53F-4E18-A286-17EFCAB394AB}
	EndGlobalSection
EndGlobal
